
Microsoft Visual Studio Solution File, Format Version 12.00
Project("{FAE04EC0-301F-11D3-BF4B-00C04F79EFBC}") = "homeWork10Task2", "homeWork10Task2\homeWork10Task2.csproj", "{0B584E0E-BA4D-472D-BA52-943C4A956B21}"
EndProject
Global
	GlobalSection(SolutionConfigurationPlatforms) = preSolution
		Debug|Any CPU = Debug|Any CPU
		Release|Any CPU = Release|Any CPU
	EndGlobalSection
	GlobalSection(ProjectConfigurationPlatforms) = postSolution
		{0B584E0E-BA4D-472D-BA52-943C4A956B21}.Debug|Any CPU.ActiveCfg = Debug|Any CPU
		{0B584E0E-BA4D-472D-BA52-943C4A956B21}.Debug|Any CPU.Build.0 = Debug|Any CPU
		{0B584E0E-BA4D-472D-BA52-943C4A956B21}.Release|Any CPU.ActiveCfg = Release|Any CPU
		{0B584E0E-BA4D-472D-BA52-943C4A956B21}.Release|Any CPU.Build.0 = Release|Any CPU
	EndGlobalSection
EndGlobal
