
Microsoft Visual Studio Solution File, Format Version 12.00
Project("{FAE04EC0-301F-11D3-BF4B-00C04F79EFBC}") = "homeWork13-project", "homeWork13-project\homeWork13-project.csproj", "{C735B6F8-7391-4762-88D2-A00EDB80AD6E}"
EndProject
Global
	GlobalSection(SolutionConfigurationPlatforms) = preSolution
		Debug|Any CPU = Debug|Any CPU
		Release|Any CPU = Release|Any CPU
	EndGlobalSection
	GlobalSection(ProjectConfigurationPlatforms) = postSolution
		{C735B6F8-7391-4762-88D2-A00EDB80AD6E}.Debug|Any CPU.ActiveCfg = Debug|Any CPU
		{C735B6F8-7391-4762-88D2-A00EDB80AD6E}.Debug|Any CPU.Build.0 = Debug|Any CPU
		{C735B6F8-7391-4762-88D2-A00EDB80AD6E}.Release|Any CPU.ActiveCfg = Release|Any CPU
		{C735B6F8-7391-4762-88D2-A00EDB80AD6E}.Release|Any CPU.Build.0 = Release|Any CPU
	EndGlobalSection
EndGlobal
