
Microsoft Visual Studio Solution File, Format Version 12.00
Project("{FAE04EC0-301F-11D3-BF4B-00C04F79EFBC}") = "1ADONet", "1ADONet\1ADONet.csproj", "{0F215017-F42E-438D-97DE-F8963940FB7F}"
EndProject
Global
	GlobalSection(SolutionConfigurationPlatforms) = preSolution
		Debug|Any CPU = Debug|Any CPU
		Release|Any CPU = Release|Any CPU
	EndGlobalSection
	GlobalSection(ProjectConfigurationPlatforms) = postSolution
		{0F215017-F42E-438D-97DE-F8963940FB7F}.Debug|Any CPU.ActiveCfg = Debug|Any CPU
		{0F215017-F42E-438D-97DE-F8963940FB7F}.Debug|Any CPU.Build.0 = Debug|Any CPU
		{0F215017-F42E-438D-97DE-F8963940FB7F}.Release|Any CPU.ActiveCfg = Release|Any CPU
		{0F215017-F42E-438D-97DE-F8963940FB7F}.Release|Any CPU.Build.0 = Release|Any CPU
	EndGlobalSection
EndGlobal
