
Microsoft Visual Studio Solution File, Format Version 12.00
Project("{FAE04EC0-301F-11D3-BF4B-00C04F79EFBC}") = "homeWork11-task-2", "homeWork11-task-2\homeWork11-task-2.csproj", "{EC268081-463F-4982-AA4D-F0C3DFF62B46}"
EndProject
Global
	GlobalSection(SolutionConfigurationPlatforms) = preSolution
		Debug|Any CPU = Debug|Any CPU
		Release|Any CPU = Release|Any CPU
	EndGlobalSection
	GlobalSection(ProjectConfigurationPlatforms) = postSolution
		{EC268081-463F-4982-AA4D-F0C3DFF62B46}.Debug|Any CPU.ActiveCfg = Debug|Any CPU
		{EC268081-463F-4982-AA4D-F0C3DFF62B46}.Debug|Any CPU.Build.0 = Debug|Any CPU
		{EC268081-463F-4982-AA4D-F0C3DFF62B46}.Release|Any CPU.ActiveCfg = Release|Any CPU
		{EC268081-463F-4982-AA4D-F0C3DFF62B46}.Release|Any CPU.Build.0 = Release|Any CPU
	EndGlobalSection
EndGlobal
