
Microsoft Visual Studio Solution File, Format Version 12.00
Project("{FAE04EC0-301F-11D3-BF4B-00C04F79EFBC}") = "lecture13", "lecture13\lecture13.csproj", "{109DB68A-9CFA-4DE2-ACE7-278D5343CFEF}"
EndProject
Global
	GlobalSection(SolutionConfigurationPlatforms) = preSolution
		Debug|Any CPU = Debug|Any CPU
		Release|Any CPU = Release|Any CPU
	EndGlobalSection
	GlobalSection(ProjectConfigurationPlatforms) = postSolution
		{109DB68A-9CFA-4DE2-ACE7-278D5343CFEF}.Debug|Any CPU.ActiveCfg = Debug|Any CPU
		{109DB68A-9CFA-4DE2-ACE7-278D5343CFEF}.Debug|Any CPU.Build.0 = Debug|Any CPU
		{109DB68A-9CFA-4DE2-ACE7-278D5343CFEF}.Release|Any CPU.ActiveCfg = Release|Any CPU
		{109DB68A-9CFA-4DE2-ACE7-278D5343CFEF}.Release|Any CPU.Build.0 = Release|Any CPU
	EndGlobalSection
EndGlobal
